
Microsoft Visual Studio Solution File, Format Version 12.00
# Visual Studio Version 17
VisualStudioVersion = 17.6.33815.320
MinimumVisualStudioVersion = 10.0.40219.1
Project("{E24C65DC-7377-472B-9ABA-BC803B73C61A}") = "AvaliaCinema", ".", "{0BA5CCAD-6E21-4A81-8D64-A7911B68793C}"
	ProjectSection(WebsiteProperties) = preProject
		TargetFrameworkMoniker = ".NETFramework,Version%3Dv4.7.1"
		Debug.AspNetCompiler.VirtualPath = "/localhost_50528"
		Debug.AspNetCompiler.PhysicalPath = "..\AvaliaCinema\"
		Debug.AspNetCompiler.TargetPath = "PrecompiledWeb\localhost_50528\"
		Debug.AspNetCompiler.Updateable = "true"
		Debug.AspNetCompiler.ForceOverwrite = "true"
		Debug.AspNetCompiler.FixedNames = "false"
		Debug.AspNetCompiler.Debug = "True"
		Release.AspNetCompiler.VirtualPath = "/localhost_50528"
		Release.AspNetCompiler.PhysicalPath = "..\AvaliaCinema\"
		Release.AspNetCompiler.TargetPath = "PrecompiledWeb\localhost_50528\"
		Release.AspNetCompiler.Updateable = "true"
		Release.AspNetCompiler.ForceOverwrite = "true"
		Release.AspNetCompiler.FixedNames = "false"
		Release.AspNetCompiler.Debug = "False"
		VWDPort = "50528"
		DefaultWebSiteLanguage = "Visual C#"
	EndProjectSection
EndProject
Global
	GlobalSection(SolutionConfigurationPlatforms) = preSolution
		Debug|Any CPU = Debug|Any CPU
	EndGlobalSection
	GlobalSection(ProjectConfigurationPlatforms) = postSolution
		{0BA5CCAD-6E21-4A81-8D64-A7911B68793C}.Debug|Any CPU.ActiveCfg = Debug|Any CPU
		{0BA5CCAD-6E21-4A81-8D64-A7911B68793C}.Debug|Any CPU.Build.0 = Debug|Any CPU
	EndGlobalSection
	GlobalSection(SolutionProperties) = preSolution
		HideSolutionNode = FALSE
	EndGlobalSection
	GlobalSection(ExtensibilityGlobals) = postSolution
		SolutionGuid = {BB9FB198-862E-4D08-AF56-6D580A29F9C9}
	EndGlobalSection
EndGlobal
